
Microsoft Visual Studio Solution File, Format Version 12.00
# Visual Studio Version 17
VisualStudioVersion = 17.0.31912.275
MinimumVisualStudioVersion = 10.0.40219.1
Project("{FAE04EC0-301F-11D3-BF4B-00C04F79EFBC}") = "HtmlHelperTextPractice", "HtmlHelperTextPractice\HtmlHelperTextPractice.csproj", "{9E7D6777-2659-4F5C-B0C0-C0F27E5403A4}"
EndProject
Global
	GlobalSection(SolutionConfigurationPlatforms) = preSolution
		Debug|Any CPU = Debug|Any CPU
		Debug|x64 = Debug|x64
		Release|Any CPU = Release|Any CPU
		Release|x64 = Release|x64
	EndGlobalSection
	GlobalSection(ProjectConfigurationPlatforms) = postSolution
		{9E7D6777-2659-4F5C-B0C0-C0F27E5403A4}.Debug|Any CPU.ActiveCfg = Debug|Any CPU
		{9E7D6777-2659-4F5C-B0C0-C0F27E5403A4}.Debug|Any CPU.Build.0 = Debug|Any CPU
		{9E7D6777-2659-4F5C-B0C0-C0F27E5403A4}.Debug|x64.ActiveCfg = Debug|x64
		{9E7D6777-2659-4F5C-B0C0-C0F27E5403A4}.Debug|x64.Build.0 = Debug|x64
		{9E7D6777-2659-4F5C-B0C0-C0F27E5403A4}.Release|Any CPU.ActiveCfg = Release|Any CPU
		{9E7D6777-2659-4F5C-B0C0-C0F27E5403A4}.Release|Any CPU.Build.0 = Release|Any CPU
		{9E7D6777-2659-4F5C-B0C0-C0F27E5403A4}.Release|x64.ActiveCfg = Debug|Any CPU
		{9E7D6777-2659-4F5C-B0C0-C0F27E5403A4}.Release|x64.Build.0 = Debug|Any CPU
	EndGlobalSection
	GlobalSection(SolutionProperties) = preSolution
		HideSolutionNode = FALSE
	EndGlobalSection
	GlobalSection(ExtensibilityGlobals) = postSolution
		SolutionGuid = {58AD91C8-C29B-4825-8C91-E04925D6EC00}
	EndGlobalSection
EndGlobal
