
Microsoft Visual Studio Solution File, Format Version 12.00
# Visual Studio Version 17
VisualStudioVersion = 17.4.33122.133
MinimumVisualStudioVersion = 10.0.40219.1
Project("{FAE04EC0-301F-11D3-BF4B-00C04F79EFBC}") = "CA_CheckingUserIP", "CA_CheckingUserIP\CA_CheckingUserIP.csproj", "{4EA75770-8EC1-479F-9B42-D5A6A781D748}"
EndProject
Global
	GlobalSection(SolutionConfigurationPlatforms) = preSolution
		Debug|Any CPU = Debug|Any CPU
		Release|Any CPU = Release|Any CPU
	EndGlobalSection
	GlobalSection(ProjectConfigurationPlatforms) = postSolution
		{4EA75770-8EC1-479F-9B42-D5A6A781D748}.Debug|Any CPU.ActiveCfg = Debug|Any CPU
		{4EA75770-8EC1-479F-9B42-D5A6A781D748}.Debug|Any CPU.Build.0 = Debug|Any CPU
		{4EA75770-8EC1-479F-9B42-D5A6A781D748}.Release|Any CPU.ActiveCfg = Release|Any CPU
		{4EA75770-8EC1-479F-9B42-D5A6A781D748}.Release|Any CPU.Build.0 = Release|Any CPU
	EndGlobalSection
	GlobalSection(SolutionProperties) = preSolution
		HideSolutionNode = FALSE
	EndGlobalSection
	GlobalSection(ExtensibilityGlobals) = postSolution
		SolutionGuid = {11B025C1-33A4-4D59-A5D8-815BB348F7DD}
	EndGlobalSection
EndGlobal
