
Microsoft Visual Studio Solution File, Format Version 12.00
# Visual Studio Version 17
VisualStudioVersion = 17.6.33801.468
MinimumVisualStudioVersion = 10.0.40219.1
Project("{FAE04EC0-301F-11D3-BF4B-00C04F79EFBC}") = "coreapp", "coreapp\coreapp.csproj", "{1F1BD36C-A511-472E-AEB2-F0E893EE78D0}"
EndProject
Global
	GlobalSection(SolutionConfigurationPlatforms) = preSolution
		Debug|Any CPU = Debug|Any CPU
		Release|Any CPU = Release|Any CPU
	EndGlobalSection
	GlobalSection(ProjectConfigurationPlatforms) = postSolution
		{1F1BD36C-A511-472E-AEB2-F0E893EE78D0}.Debug|Any CPU.ActiveCfg = Debug|Any CPU
		{1F1BD36C-A511-472E-AEB2-F0E893EE78D0}.Debug|Any CPU.Build.0 = Debug|Any CPU
		{1F1BD36C-A511-472E-AEB2-F0E893EE78D0}.Release|Any CPU.ActiveCfg = Release|Any CPU
		{1F1BD36C-A511-472E-AEB2-F0E893EE78D0}.Release|Any CPU.Build.0 = Release|Any CPU
	EndGlobalSection
	GlobalSection(SolutionProperties) = preSolution
		HideSolutionNode = FALSE
	EndGlobalSection
	GlobalSection(ExtensibilityGlobals) = postSolution
		SolutionGuid = {12BADC61-3E30-4430-8544-929D70522A7D}
	EndGlobalSection
EndGlobal
