
Microsoft Visual Studio Solution File, Format Version 12.00
# Visual Studio Version 16
VisualStudioVersion = 16.0.31025.194
MinimumVisualStudioVersion = 10.0.40219.1
Project("{FAE04EC0-301F-11D3-BF4B-00C04F79EFBC}") = "WebStringlyTypePartialViewHtmlHelper", "WebStringlyTypePartialViewHtmlHelper\WebStringlyTypePartialViewHtmlHelper.csproj", "{CCD3D22F-9B93-41FB-9B3E-3F259CC6EBA6}"
EndProject
Global
	GlobalSection(SolutionConfigurationPlatforms) = preSolution
		Debug|Any CPU = Debug|Any CPU
		Release|Any CPU = Release|Any CPU
	EndGlobalSection
	GlobalSection(ProjectConfigurationPlatforms) = postSolution
		{CCD3D22F-9B93-41FB-9B3E-3F259CC6EBA6}.Debug|Any CPU.ActiveCfg = Debug|Any CPU
		{CCD3D22F-9B93-41FB-9B3E-3F259CC6EBA6}.Debug|Any CPU.Build.0 = Debug|Any CPU
		{CCD3D22F-9B93-41FB-9B3E-3F259CC6EBA6}.Release|Any CPU.ActiveCfg = Release|Any CPU
		{CCD3D22F-9B93-41FB-9B3E-3F259CC6EBA6}.Release|Any CPU.Build.0 = Release|Any CPU
	EndGlobalSection
	GlobalSection(SolutionProperties) = preSolution
		HideSolutionNode = FALSE
	EndGlobalSection
	GlobalSection(ExtensibilityGlobals) = postSolution
		SolutionGuid = {80A9720C-92BF-467D-951A-02B8FE078303}
	EndGlobalSection
EndGlobal
