
Microsoft Visual Studio Solution File, Format Version 12.00
# Visual Studio Version 17
VisualStudioVersion = 17.6.33801.468
MinimumVisualStudioVersion = 10.0.40219.1
Project("{FAE04EC0-301F-11D3-BF4B-00C04F79EFBC}") = "ImterviewPractice", "ImterviewPractice\ImterviewPractice.csproj", "{F9A5E464-3400-47F4-9E02-C33215147637}"
EndProject
Global
	GlobalSection(SolutionConfigurationPlatforms) = preSolution
		Debug|Any CPU = Debug|Any CPU
		Release|Any CPU = Release|Any CPU
	EndGlobalSection
	GlobalSection(ProjectConfigurationPlatforms) = postSolution
		{F9A5E464-3400-47F4-9E02-C33215147637}.Debug|Any CPU.ActiveCfg = Debug|Any CPU
		{F9A5E464-3400-47F4-9E02-C33215147637}.Debug|Any CPU.Build.0 = Debug|Any CPU
		{F9A5E464-3400-47F4-9E02-C33215147637}.Release|Any CPU.ActiveCfg = Release|Any CPU
		{F9A5E464-3400-47F4-9E02-C33215147637}.Release|Any CPU.Build.0 = Release|Any CPU
	EndGlobalSection
	GlobalSection(SolutionProperties) = preSolution
		HideSolutionNode = FALSE
	EndGlobalSection
	GlobalSection(ExtensibilityGlobals) = postSolution
		SolutionGuid = {CB4A6EA2-956A-4796-806D-2FBC9BDB90CF}
	EndGlobalSection
EndGlobal
