
Microsoft Visual Studio Solution File, Format Version 12.00
# Visual Studio Version 16
VisualStudioVersion = 16.0.31019.35
MinimumVisualStudioVersion = 10.0.40219.1
Project("{FAE04EC0-301F-11D3-BF4B-00C04F79EFBC}") = "FirstFormApplication", "FirstFormApplication\FirstFormApplication.csproj", "{429B7334-B453-4F00-97AC-B625496E1E0B}"
EndProject
Global
	GlobalSection(SolutionConfigurationPlatforms) = preSolution
		Debug|Any CPU = Debug|Any CPU
		Release|Any CPU = Release|Any CPU
	EndGlobalSection
	GlobalSection(ProjectConfigurationPlatforms) = postSolution
		{429B7334-B453-4F00-97AC-B625496E1E0B}.Debug|Any CPU.ActiveCfg = Debug|Any CPU
		{429B7334-B453-4F00-97AC-B625496E1E0B}.Debug|Any CPU.Build.0 = Debug|Any CPU
		{429B7334-B453-4F00-97AC-B625496E1E0B}.Release|Any CPU.ActiveCfg = Release|Any CPU
		{429B7334-B453-4F00-97AC-B625496E1E0B}.Release|Any CPU.Build.0 = Release|Any CPU
	EndGlobalSection
	GlobalSection(SolutionProperties) = preSolution
		HideSolutionNode = FALSE
	EndGlobalSection
	GlobalSection(ExtensibilityGlobals) = postSolution
		SolutionGuid = {BE47248C-0942-4D27-B98D-6A8A50495219}
	EndGlobalSection
EndGlobal
