
Microsoft Visual Studio Solution File, Format Version 12.00
# Visual Studio Version 16
VisualStudioVersion = 16.0.31229.75
MinimumVisualStudioVersion = 10.0.40219.1
Project("{FAE04EC0-301F-11D3-BF4B-00C04F79EFBC}") = "SOLID_Principle", "SOLID_Principle\SOLID_Principle.csproj", "{6A92B64C-0B2D-4DAC-93C9-D039DF393EE3}"
EndProject
Global
	GlobalSection(SolutionConfigurationPlatforms) = preSolution
		Debug|Any CPU = Debug|Any CPU
		Release|Any CPU = Release|Any CPU
	EndGlobalSection
	GlobalSection(ProjectConfigurationPlatforms) = postSolution
		{6A92B64C-0B2D-4DAC-93C9-D039DF393EE3}.Debug|Any CPU.ActiveCfg = Debug|Any CPU
		{6A92B64C-0B2D-4DAC-93C9-D039DF393EE3}.Debug|Any CPU.Build.0 = Debug|Any CPU
		{6A92B64C-0B2D-4DAC-93C9-D039DF393EE3}.Release|Any CPU.ActiveCfg = Release|Any CPU
		{6A92B64C-0B2D-4DAC-93C9-D039DF393EE3}.Release|Any CPU.Build.0 = Release|Any CPU
	EndGlobalSection
	GlobalSection(SolutionProperties) = preSolution
		HideSolutionNode = FALSE
	EndGlobalSection
	GlobalSection(ExtensibilityGlobals) = postSolution
		SolutionGuid = {457A0118-9271-46F5-B902-35AA1CA53E1B}
	EndGlobalSection
EndGlobal
