
Microsoft Visual Studio Solution File, Format Version 12.00
# Visual Studio Version 17
VisualStudioVersion = 17.0.31912.275
MinimumVisualStudioVersion = 10.0.40219.1
Project("{FAE04EC0-301F-11D3-BF4B-00C04F79EFBC}") = "AptechWorkshop2", "AptechWorkshop2.csproj", "{4B1D8408-D1F0-45A1-A1DC-24D9A2FCD7CD}"
EndProject
Global
	GlobalSection(SolutionConfigurationPlatforms) = preSolution
		Debug|Any CPU = Debug|Any CPU
		Release|Any CPU = Release|Any CPU
	EndGlobalSection
	GlobalSection(ProjectConfigurationPlatforms) = postSolution
		{4B1D8408-D1F0-45A1-A1DC-24D9A2FCD7CD}.Debug|Any CPU.ActiveCfg = Debug|Any CPU
		{4B1D8408-D1F0-45A1-A1DC-24D9A2FCD7CD}.Debug|Any CPU.Build.0 = Debug|Any CPU
		{4B1D8408-D1F0-45A1-A1DC-24D9A2FCD7CD}.Release|Any CPU.ActiveCfg = Release|Any CPU
		{4B1D8408-D1F0-45A1-A1DC-24D9A2FCD7CD}.Release|Any CPU.Build.0 = Release|Any CPU
	EndGlobalSection
	GlobalSection(SolutionProperties) = preSolution
		HideSolutionNode = FALSE
	EndGlobalSection
	GlobalSection(ExtensibilityGlobals) = postSolution
		SolutionGuid = {DE0B6DCB-0BE0-49B2-90EC-ED650CCDEDFE}
	EndGlobalSection
EndGlobal
