
Microsoft Visual Studio Solution File, Format Version 12.00
# Visual Studio Version 17
VisualStudioVersion = 17.12.35707.178
MinimumVisualStudioVersion = 10.0.40219.1
Project("{FAE04EC0-301F-11D3-BF4B-00C04F79EFBC}") = "TestApi", "TestApi\TestApi.csproj", "{1C49758D-EC1C-45C8-B4F9-C082728C47CA}"
EndProject
Project("{FAE04EC0-301F-11D3-BF4B-00C04F79EFBC}") = "Repositories", "Repositories\Repositories.csproj", "{0C1A6CB2-6CAD-45CD-BEC0-E215B9BB036E}"
EndProject
Project("{FAE04EC0-301F-11D3-BF4B-00C04F79EFBC}") = "Test", "Test\Test.csproj", "{E7CA8CD1-342F-484F-A6F8-14EFFDF12F3A}"
EndProject
Project("{FAE04EC0-301F-11D3-BF4B-00C04F79EFBC}") = "TestRazor", "TestRazor\TestRazor.csproj", "{AB64994B-0E4B-4E58-9115-94A1D7DF3A03}"
EndProject
Project("{FAE04EC0-301F-11D3-BF4B-00C04F79EFBC}") = "TestUnit", "TestUnit\TestUnit.csproj", "{0799DEC2-4228-4D0B-A309-02523713E06A}"
EndProject
Global
	GlobalSection(SolutionConfigurationPlatforms) = preSolution
		Debug|Any CPU = Debug|Any CPU
		Release|Any CPU = Release|Any CPU
	EndGlobalSection
	GlobalSection(ProjectConfigurationPlatforms) = postSolution
		{1C49758D-EC1C-45C8-B4F9-C082728C47CA}.Debug|Any CPU.ActiveCfg = Debug|Any CPU
		{1C49758D-EC1C-45C8-B4F9-C082728C47CA}.Debug|Any CPU.Build.0 = Debug|Any CPU
		{1C49758D-EC1C-45C8-B4F9-C082728C47CA}.Release|Any CPU.ActiveCfg = Release|Any CPU
		{1C49758D-EC1C-45C8-B4F9-C082728C47CA}.Release|Any CPU.Build.0 = Release|Any CPU
		{0C1A6CB2-6CAD-45CD-BEC0-E215B9BB036E}.Debug|Any CPU.ActiveCfg = Debug|Any CPU
		{0C1A6CB2-6CAD-45CD-BEC0-E215B9BB036E}.Debug|Any CPU.Build.0 = Debug|Any CPU
		{0C1A6CB2-6CAD-45CD-BEC0-E215B9BB036E}.Release|Any CPU.ActiveCfg = Release|Any CPU
		{0C1A6CB2-6CAD-45CD-BEC0-E215B9BB036E}.Release|Any CPU.Build.0 = Release|Any CPU
		{E7CA8CD1-342F-484F-A6F8-14EFFDF12F3A}.Debug|Any CPU.ActiveCfg = Debug|Any CPU
		{E7CA8CD1-342F-484F-A6F8-14EFFDF12F3A}.Debug|Any CPU.Build.0 = Debug|Any CPU
		{E7CA8CD1-342F-484F-A6F8-14EFFDF12F3A}.Release|Any CPU.ActiveCfg = Release|Any CPU
		{E7CA8CD1-342F-484F-A6F8-14EFFDF12F3A}.Release|Any CPU.Build.0 = Release|Any CPU
		{AB64994B-0E4B-4E58-9115-94A1D7DF3A03}.Debug|Any CPU.ActiveCfg = Debug|Any CPU
		{AB64994B-0E4B-4E58-9115-94A1D7DF3A03}.Debug|Any CPU.Build.0 = Debug|Any CPU
		{AB64994B-0E4B-4E58-9115-94A1D7DF3A03}.Release|Any CPU.ActiveCfg = Release|Any CPU
		{AB64994B-0E4B-4E58-9115-94A1D7DF3A03}.Release|Any CPU.Build.0 = Release|Any CPU
		{0799DEC2-4228-4D0B-A309-02523713E06A}.Debug|Any CPU.ActiveCfg = Debug|Any CPU
		{0799DEC2-4228-4D0B-A309-02523713E06A}.Debug|Any CPU.Build.0 = Debug|Any CPU
		{0799DEC2-4228-4D0B-A309-02523713E06A}.Release|Any CPU.ActiveCfg = Release|Any CPU
		{0799DEC2-4228-4D0B-A309-02523713E06A}.Release|Any CPU.Build.0 = Release|Any CPU
	EndGlobalSection
	GlobalSection(SolutionProperties) = preSolution
		HideSolutionNode = FALSE
	EndGlobalSection
EndGlobal
