
Microsoft Visual Studio Solution File, Format Version 12.00
# Visual Studio Version 16
VisualStudioVersion = 16.0.31025.194
MinimumVisualStudioVersion = 10.0.40219.1
Project("{FAE04EC0-301F-11D3-BF4B-00C04F79EFBC}") = "WebFineArtsTempalte1", "WebFineArtsTempalte1\WebFineArtsTempalte1.csproj", "{A6F775A0-E3E8-4116-9034-B295842BF7F4}"
EndProject
Global
	GlobalSection(SolutionConfigurationPlatforms) = preSolution
		Debug|Any CPU = Debug|Any CPU
		Release|Any CPU = Release|Any CPU
	EndGlobalSection
	GlobalSection(ProjectConfigurationPlatforms) = postSolution
		{A6F775A0-E3E8-4116-9034-B295842BF7F4}.Debug|Any CPU.ActiveCfg = Debug|Any CPU
		{A6F775A0-E3E8-4116-9034-B295842BF7F4}.Debug|Any CPU.Build.0 = Debug|Any CPU
		{A6F775A0-E3E8-4116-9034-B295842BF7F4}.Release|Any CPU.ActiveCfg = Release|Any CPU
		{A6F775A0-E3E8-4116-9034-B295842BF7F4}.Release|Any CPU.Build.0 = Release|Any CPU
	EndGlobalSection
	GlobalSection(SolutionProperties) = preSolution
		HideSolutionNode = FALSE
	EndGlobalSection
	GlobalSection(ExtensibilityGlobals) = postSolution
		SolutionGuid = {73EA905A-4C99-47EC-98AD-5A8AB057429F}
	EndGlobalSection
EndGlobal
