
Microsoft Visual Studio Solution File, Format Version 12.00
# Visual Studio Version 17
VisualStudioVersion = 17.2.32505.173
MinimumVisualStudioVersion = 10.0.40219.1
Project("{FAE04EC0-301F-11D3-BF4B-00C04F79EFBC}") = "WebApiCRUD", "WebApiCRUD\WebApiCRUD.csproj", "{A55F54D4-5869-4AEE-A58E-B54B3529475D}"
EndProject
Project("{FAE04EC0-301F-11D3-BF4B-00C04F79EFBC}") = "ApiHandler", "ApiHandler\ApiHandler.csproj", "{8442D141-7DFC-4D6B-83D1-1C528BBFE1AD}"
EndProject
Global
	GlobalSection(SolutionConfigurationPlatforms) = preSolution
		Debug|Any CPU = Debug|Any CPU
		Release|Any CPU = Release|Any CPU
	EndGlobalSection
	GlobalSection(ProjectConfigurationPlatforms) = postSolution
		{A55F54D4-5869-4AEE-A58E-B54B3529475D}.Debug|Any CPU.ActiveCfg = Debug|Any CPU
		{A55F54D4-5869-4AEE-A58E-B54B3529475D}.Debug|Any CPU.Build.0 = Debug|Any CPU
		{A55F54D4-5869-4AEE-A58E-B54B3529475D}.Release|Any CPU.ActiveCfg = Release|Any CPU
		{A55F54D4-5869-4AEE-A58E-B54B3529475D}.Release|Any CPU.Build.0 = Release|Any CPU
		{8442D141-7DFC-4D6B-83D1-1C528BBFE1AD}.Debug|Any CPU.ActiveCfg = Debug|Any CPU
		{8442D141-7DFC-4D6B-83D1-1C528BBFE1AD}.Debug|Any CPU.Build.0 = Debug|Any CPU
		{8442D141-7DFC-4D6B-83D1-1C528BBFE1AD}.Release|Any CPU.ActiveCfg = Release|Any CPU
		{8442D141-7DFC-4D6B-83D1-1C528BBFE1AD}.Release|Any CPU.Build.0 = Release|Any CPU
	EndGlobalSection
	GlobalSection(SolutionProperties) = preSolution
		HideSolutionNode = FALSE
	EndGlobalSection
	GlobalSection(ExtensibilityGlobals) = postSolution
		SolutionGuid = {68C8CAFB-2F16-468D-A37D-A6C3B14B2AD3}
	EndGlobalSection
EndGlobal
