
Microsoft Visual Studio Solution File, Format Version 12.00
Project("{FAE04EC0-301F-11D3-BF4B-00C04F79EFBC}") = "webapitest2", "webapitest2\webapitest2.csproj", "{DEFAA515-349E-4E66-854E-D623D2323CF6}"
EndProject
Global
	GlobalSection(SolutionConfigurationPlatforms) = preSolution
		Debug|Any CPU = Debug|Any CPU
		Release|Any CPU = Release|Any CPU
	EndGlobalSection
	GlobalSection(ProjectConfigurationPlatforms) = postSolution
		{DEFAA515-349E-4E66-854E-D623D2323CF6}.Debug|Any CPU.ActiveCfg = Debug|Any CPU
		{DEFAA515-349E-4E66-854E-D623D2323CF6}.Debug|Any CPU.Build.0 = Debug|Any CPU
		{DEFAA515-349E-4E66-854E-D623D2323CF6}.Release|Any CPU.ActiveCfg = Release|Any CPU
		{DEFAA515-349E-4E66-854E-D623D2323CF6}.Release|Any CPU.Build.0 = Release|Any CPU
	EndGlobalSection
EndGlobal
