Microsoft Visual Studio Solution File, Format Version 12.00
# Visual Studio Version 17
VisualStudioVersion = 17.5.2.0
MinimumVisualStudioVersion = 10.0.40219.1
Project("{FAE04EC0-301F-11D3-BF4B-00C04F79EFBC}") = "TestApi", "TestApi.csproj", "{B2CB0DDD-49BB-F94D-B5F0-FF4E97DA6A26}"
EndProject
Global
	GlobalSection(SolutionConfigurationPlatforms) = preSolution
		Debug|Any CPU = Debug|Any CPU
		Release|Any CPU = Release|Any CPU
	EndGlobalSection
	GlobalSection(ProjectConfigurationPlatforms) = postSolution
		{B2CB0DDD-49BB-F94D-B5F0-FF4E97DA6A26}.Debug|Any CPU.ActiveCfg = Debug|Any CPU
		{B2CB0DDD-49BB-F94D-B5F0-FF4E97DA6A26}.Debug|Any CPU.Build.0 = Debug|Any CPU
		{B2CB0DDD-49BB-F94D-B5F0-FF4E97DA6A26}.Release|Any CPU.ActiveCfg = Release|Any CPU
		{B2CB0DDD-49BB-F94D-B5F0-FF4E97DA6A26}.Release|Any CPU.Build.0 = Release|Any CPU
	EndGlobalSection
	GlobalSection(SolutionProperties) = preSolution
		HideSolutionNode = FALSE
	EndGlobalSection
	GlobalSection(ExtensibilityGlobals) = postSolution
		SolutionGuid = {30F06475-9380-403F-A86A-5B9A2A3E2D95}
	EndGlobalSection
EndGlobal
