
Microsoft Visual Studio Solution File, Format Version 12.00
# Visual Studio Version 17
VisualStudioVersion = 17.0.31912.275
MinimumVisualStudioVersion = 10.0.40219.1
Project("{FAE04EC0-301F-11D3-BF4B-00C04F79EFBC}") = "WebApplication1", "WebApplication1\WebApplication1.csproj", "{1043C42B-18A1-4CD7-BE15-5F3DF3F3A783}"
EndProject
Global
	GlobalSection(SolutionConfigurationPlatforms) = preSolution
		Debug|Any CPU = Debug|Any CPU
		Release|Any CPU = Release|Any CPU
	EndGlobalSection
	GlobalSection(ProjectConfigurationPlatforms) = postSolution
		{1043C42B-18A1-4CD7-BE15-5F3DF3F3A783}.Debug|Any CPU.ActiveCfg = Debug|Any CPU
		{1043C42B-18A1-4CD7-BE15-5F3DF3F3A783}.Debug|Any CPU.Build.0 = Debug|Any CPU
		{1043C42B-18A1-4CD7-BE15-5F3DF3F3A783}.Release|Any CPU.ActiveCfg = Release|Any CPU
		{1043C42B-18A1-4CD7-BE15-5F3DF3F3A783}.Release|Any CPU.Build.0 = Release|Any CPU
	EndGlobalSection
	GlobalSection(SolutionProperties) = preSolution
		HideSolutionNode = FALSE
	EndGlobalSection
	GlobalSection(ExtensibilityGlobals) = postSolution
		SolutionGuid = {D2B44BAF-8D01-4CFA-837B-17F4499602F5}
	EndGlobalSection
EndGlobal
