
Microsoft Visual Studio Solution File, Format Version 12.00
# Visual Studio Version 16
VisualStudioVersion = 16.0.31025.194
MinimumVisualStudioVersion = 10.0.40219.1
Project("{FAE04EC0-301F-11D3-BF4B-00C04F79EFBC}") = "WebPartialViewPractice", "WebPartialViewPractice\WebPartialViewPractice.csproj", "{9544B7B6-1759-45FE-AB43-07D890698BDD}"
EndProject
Global
	GlobalSection(SolutionConfigurationPlatforms) = preSolution
		Debug|Any CPU = Debug|Any CPU
		Release|Any CPU = Release|Any CPU
	EndGlobalSection
	GlobalSection(ProjectConfigurationPlatforms) = postSolution
		{9544B7B6-1759-45FE-AB43-07D890698BDD}.Debug|Any CPU.ActiveCfg = Debug|Any CPU
		{9544B7B6-1759-45FE-AB43-07D890698BDD}.Debug|Any CPU.Build.0 = Debug|Any CPU
		{9544B7B6-1759-45FE-AB43-07D890698BDD}.Release|Any CPU.ActiveCfg = Release|Any CPU
		{9544B7B6-1759-45FE-AB43-07D890698BDD}.Release|Any CPU.Build.0 = Release|Any CPU
	EndGlobalSection
	GlobalSection(SolutionProperties) = preSolution
		HideSolutionNode = FALSE
	EndGlobalSection
	GlobalSection(ExtensibilityGlobals) = postSolution
		SolutionGuid = {7FED4906-E034-4CB3-A46E-706248F20CD5}
	EndGlobalSection
EndGlobal
