
Microsoft Visual Studio Solution File, Format Version 12.00
# Visual Studio Version 17
VisualStudioVersion = 17.14.36705.20 d17.14
MinimumVisualStudioVersion = 10.0.40219.1
Project("{FAE04EC0-301F-11D3-BF4B-00C04F79EFBC}") = "InterviewPractice", "InterviewPractice\InterviewPractice.csproj", "{8A486D7E-4BC8-45D4-B217-82A30939EB05}"
EndProject
Global
	GlobalSection(SolutionConfigurationPlatforms) = preSolution
		Debug|Any CPU = Debug|Any CPU
		Release|Any CPU = Release|Any CPU
	EndGlobalSection
	GlobalSection(ProjectConfigurationPlatforms) = postSolution
		{8A486D7E-4BC8-45D4-B217-82A30939EB05}.Debug|Any CPU.ActiveCfg = Debug|Any CPU
		{8A486D7E-4BC8-45D4-B217-82A30939EB05}.Debug|Any CPU.Build.0 = Debug|Any CPU
		{8A486D7E-4BC8-45D4-B217-82A30939EB05}.Release|Any CPU.ActiveCfg = Release|Any CPU
		{8A486D7E-4BC8-45D4-B217-82A30939EB05}.Release|Any CPU.Build.0 = Release|Any CPU
	EndGlobalSection
	GlobalSection(SolutionProperties) = preSolution
		HideSolutionNode = FALSE
	EndGlobalSection
	GlobalSection(ExtensibilityGlobals) = postSolution
		SolutionGuid = {A9F0F782-EA0D-4A71-9106-2C96F1B3FC47}
	EndGlobalSection
EndGlobal
