
Microsoft Visual Studio Solution File, Format Version 12.00
# Visual Studio Version 17
VisualStudioVersion = 17.0.31912.275
MinimumVisualStudioVersion = 10.0.40219.1
Project("{FAE04EC0-301F-11D3-BF4B-00C04F79EFBC}") = "WebMicroServices", "WebMicroServices\WebMicroServices.csproj", "{B542CA9C-D6D2-4AF1-BFD1-C950596EA305}"
EndProject
Global
	GlobalSection(SolutionConfigurationPlatforms) = preSolution
		Debug|Any CPU = Debug|Any CPU
		Release|Any CPU = Release|Any CPU
	EndGlobalSection
	GlobalSection(ProjectConfigurationPlatforms) = postSolution
		{B542CA9C-D6D2-4AF1-BFD1-C950596EA305}.Debug|Any CPU.ActiveCfg = Debug|Any CPU
		{B542CA9C-D6D2-4AF1-BFD1-C950596EA305}.Debug|Any CPU.Build.0 = Debug|Any CPU
		{B542CA9C-D6D2-4AF1-BFD1-C950596EA305}.Release|Any CPU.ActiveCfg = Release|Any CPU
		{B542CA9C-D6D2-4AF1-BFD1-C950596EA305}.Release|Any CPU.Build.0 = Release|Any CPU
	EndGlobalSection
	GlobalSection(SolutionProperties) = preSolution
		HideSolutionNode = FALSE
	EndGlobalSection
	GlobalSection(ExtensibilityGlobals) = postSolution
		SolutionGuid = {0CAC5BAC-C568-47F4-988C-B486E1DDD5B4}
	EndGlobalSection
EndGlobal
