
Microsoft Visual Studio Solution File, Format Version 12.00
# Visual Studio Version 16
VisualStudioVersion = 16.0.31025.194
MinimumVisualStudioVersion = 10.0.40219.1
Project("{FAE04EC0-301F-11D3-BF4B-00C04F79EFBC}") = "WebCodeFirstApproch", "WebCodeFirstApproch\WebCodeFirstApproch.csproj", "{AAD843D2-71BF-4B89-93E4-D5F652BF39D6}"
EndProject
Global
	GlobalSection(SolutionConfigurationPlatforms) = preSolution
		Debug|Any CPU = Debug|Any CPU
		Release|Any CPU = Release|Any CPU
	EndGlobalSection
	GlobalSection(ProjectConfigurationPlatforms) = postSolution
		{AAD843D2-71BF-4B89-93E4-D5F652BF39D6}.Debug|Any CPU.ActiveCfg = Debug|Any CPU
		{AAD843D2-71BF-4B89-93E4-D5F652BF39D6}.Debug|Any CPU.Build.0 = Debug|Any CPU
		{AAD843D2-71BF-4B89-93E4-D5F652BF39D6}.Release|Any CPU.ActiveCfg = Release|Any CPU
		{AAD843D2-71BF-4B89-93E4-D5F652BF39D6}.Release|Any CPU.Build.0 = Release|Any CPU
	EndGlobalSection
	GlobalSection(SolutionProperties) = preSolution
		HideSolutionNode = FALSE
	EndGlobalSection
	GlobalSection(ExtensibilityGlobals) = postSolution
		SolutionGuid = {0BB18D72-60F0-4E94-96DC-8FD86B7F15A1}
	EndGlobalSection
EndGlobal
