
Microsoft Visual Studio Solution File, Format Version 12.00
Project("{FAE04EC0-301F-11D3-BF4B-00C04F79EFBC}") = "ASP.NETCoreWebApplication1", "ASP.NETCoreWebApplication1\ASP.NETCoreWebApplication1.csproj", "{3DA59048-ACC1-4E13-A506-FAA5CECD8595}"
EndProject
Global
	GlobalSection(SolutionConfigurationPlatforms) = preSolution
		Debug|Any CPU = Debug|Any CPU
		Release|Any CPU = Release|Any CPU
	EndGlobalSection
	GlobalSection(ProjectConfigurationPlatforms) = postSolution
		{3DA59048-ACC1-4E13-A506-FAA5CECD8595}.Debug|Any CPU.ActiveCfg = Debug|Any CPU
		{3DA59048-ACC1-4E13-A506-FAA5CECD8595}.Debug|Any CPU.Build.0 = Debug|Any CPU
		{3DA59048-ACC1-4E13-A506-FAA5CECD8595}.Release|Any CPU.ActiveCfg = Release|Any CPU
		{3DA59048-ACC1-4E13-A506-FAA5CECD8595}.Release|Any CPU.Build.0 = Release|Any CPU
	EndGlobalSection
EndGlobal
